
Microsoft Visual Studio Solution File, Format Version 12.00
# Visual Studio Version 17
VisualStudioVersion = 17.7.34221.43
MinimumVisualStudioVersion = 10.0.40219.1
Project("{FAE04EC0-301F-11D3-BF4B-00C04F79EFBC}") = "Sinmple", "Sinmple\Sinmple.csproj", "{96F02122-DCC3-4BBB-9C71-C01D051EB53E}"
EndProject
Global
	GlobalSection(SolutionConfigurationPlatforms) = preSolution
		Debug|Any CPU = Debug|Any CPU
		Release|Any CPU = Release|Any CPU
	EndGlobalSection
	GlobalSection(ProjectConfigurationPlatforms) = postSolution
		{96F02122-DCC3-4BBB-9C71-C01D051EB53E}.Debug|Any CPU.ActiveCfg = Debug|Any CPU
		{96F02122-DCC3-4BBB-9C71-C01D051EB53E}.Debug|Any CPU.Build.0 = Debug|Any CPU
		{96F02122-DCC3-4BBB-9C71-C01D051EB53E}.Release|Any CPU.ActiveCfg = Release|Any CPU
		{96F02122-DCC3-4BBB-9C71-C01D051EB53E}.Release|Any CPU.Build.0 = Release|Any CPU
	EndGlobalSection
	GlobalSection(SolutionProperties) = preSolution
		HideSolutionNode = FALSE
	EndGlobalSection
	GlobalSection(ExtensibilityGlobals) = postSolution
		SolutionGuid = {A18AFD9E-01DE-4A73-9195-2BA371D85B7B}
	EndGlobalSection
EndGlobal
